<Solution>
  <Folder Name="/src/">
    <Project Path="src/Gateway/Gateway.csproj" />
    <Project Path="src/SalonBooking.ServiceDefaults/SalonBooking.ServiceDefaults.csproj" />
  </Folder>
  <Folder Name="/src/Services/">
    <Project Path="src/Services/Booking.Api/Booking.Api.csproj" />
    <Project Path="src/Services/Identity.Api/Identity.Api.csproj" />
    <Project Path="src/Services/Notification.Api/Notification.Api.csproj" />
    <Project Path="src/Services/Salon.Api/Salon.Api.csproj" />
  </Folder>
</Solution>
